// !$*UTF8*$!
{
	archiveVersion = 1;
	classes = {
	};
	objectVersion = 46;
	objects = {

/* Begin PBXBuildFile section */
		5F332F3F63A006800A0039F0 /* libPods-testing swiping.a in Frameworks */ = {isa = PBXBuildFile; fileRef = C7A9B80CCABE669EF938C88B /* libPods-testing swiping.a */; };
		936AAAD71B8DC10F00435669 /* LoginViewController.m in Sources */ = {isa = PBXBuildFile; fileRef = 936AAAD61B8DC10F00435669 /* LoginViewController.m */; };
		939E334A1B9789C200B31781 /* UserController.m in Sources */ = {isa = PBXBuildFile; fileRef = 939E33491B9789C200B31781 /* UserController.m */; };
		939E334D1B97979700B31781 /* FirebaseNetworkController.m in Sources */ = {isa = PBXBuildFile; fileRef = 939E334C1B97979700B31781 /* FirebaseNetworkController.m */; };
		939E334F1B97990100B31781 /* Security.framework in Frameworks */ = {isa = PBXBuildFile; fileRef = 939E334E1B97990100B31781 /* Security.framework */; };
		939E33521B979B3E00B31781 /* KeychainItemWrapper.m in Sources */ = {isa = PBXBuildFile; fileRef = 939E33511B979B3E00B31781 /* KeychainItemWrapper.m */; };
		93AE6E961B7D3B8800E896C1 /* LeagueNetworkController.m in Sources */ = {isa = PBXBuildFile; fileRef = 93AE6E951B7D3B8800E896C1 /* LeagueNetworkController.m */; };
		93B15ECE1B8DC7D300B75784 /* RegisterViewController.m in Sources */ = {isa = PBXBuildFile; fileRef = 93B15ECD1B8DC7D300B75784 /* RegisterViewController.m */; };
		93B15ED11B8DCB4900B75784 /* MessagesViewController.m in Sources */ = {isa = PBXBuildFile; fileRef = 93B15ED01B8DCB4900B75784 /* MessagesViewController.m */; };
		93B15ED41B8DCB6400B75784 /* MenuViewController.m in Sources */ = {isa = PBXBuildFile; fileRef = 93B15ED31B8DCB6400B75784 /* MenuViewController.m */; };
		93BCB41E1B7E4EA3000D6630 /* SummonerController.m in Sources */ = {isa = PBXBuildFile; fileRef = 93BCB41D1B7E4EA3000D6630 /* SummonerController.m */; };
		93CAC24C1B8F76130028482E /* VerifyRegistrationViewController.m in Sources */ = {isa = PBXBuildFile; fileRef = 93CAC24B1B8F76130028482E /* VerifyRegistrationViewController.m */; };
		93CAC24F1B8F9D800028482E /* FixedSummonerProfileView.m in Sources */ = {isa = PBXBuildFile; fileRef = 93CAC24E1B8F9D800028482E /* FixedSummonerProfileView.m */; };
		93CAC2521B8FA3EE0028482E /* WelcomeViewController.m in Sources */ = {isa = PBXBuildFile; fileRef = 93CAC2511B8FA3EE0028482E /* WelcomeViewController.m */; };
		93CAC2541B8FBACE0028482E /* Friz Quadrata Regular.ttf in Resources */ = {isa = PBXBuildFile; fileRef = 93CAC2531B8FB9F50028482E /* Friz Quadrata Regular.ttf */; };
		93CAC2571B8FC6450028482E /* AppearanceController.m in Sources */ = {isa = PBXBuildFile; fileRef = 93CAC2561B8FC6450028482E /* AppearanceController.m */; };
		93CAC25A1B8FE97F0028482E /* LOLLabel.m in Sources */ = {isa = PBXBuildFile; fileRef = 93CAC2591B8FE97F0028482E /* LOLLabel.m */; };
		93E782B71B94F117007E2DD8 /* UserCreationViewController.m in Sources */ = {isa = PBXBuildFile; fileRef = 93E782B61B94F117007E2DD8 /* UserCreationViewController.m */; };
		93FD491C1B8D24F50047BAA4 /* CoreData.framework in Frameworks */ = {isa = PBXBuildFile; fileRef = 93FD491B1B8D24F50047BAA4 /* CoreData.framework */; };
		93FD49221B8D28780047BAA4 /* Summoner.m in Sources */ = {isa = PBXBuildFile; fileRef = 93FD49211B8D28780047BAA4 /* Summoner.m */; };
		99B7AE99192D50D500C1B49C /* Foundation.framework in Frameworks */ = {isa = PBXBuildFile; fileRef = 99B7AE98192D50D500C1B49C /* Foundation.framework */; };
		99B7AE9B192D50D500C1B49C /* CoreGraphics.framework in Frameworks */ = {isa = PBXBuildFile; fileRef = 99B7AE9A192D50D500C1B49C /* CoreGraphics.framework */; };
		99B7AE9D192D50D500C1B49C /* UIKit.framework in Frameworks */ = {isa = PBXBuildFile; fileRef = 99B7AE9C192D50D500C1B49C /* UIKit.framework */; };
		99B7AEA3192D50D500C1B49C /* InfoPlist.strings in Resources */ = {isa = PBXBuildFile; fileRef = 99B7AEA1192D50D500C1B49C /* InfoPlist.strings */; };
		99B7AEA5192D50D500C1B49C /* main.m in Sources */ = {isa = PBXBuildFile; fileRef = 99B7AEA4192D50D500C1B49C /* main.m */; };
		99B7AEA9192D50D500C1B49C /* AppDelegate.m in Sources */ = {isa = PBXBuildFile; fileRef = 99B7AEA8192D50D500C1B49C /* AppDelegate.m */; };
		99B7AEAC192D50D500C1B49C /* Main.storyboard in Resources */ = {isa = PBXBuildFile; fileRef = 99B7AEAA192D50D500C1B49C /* Main.storyboard */; };
		99B7AEAF192D50D500C1B49C /* DragCardsViewController.m in Sources */ = {isa = PBXBuildFile; fileRef = 99B7AEAE192D50D500C1B49C /* DragCardsViewController.m */; };
		99B7AEB1192D50D500C1B49C /* Images.xcassets in Resources */ = {isa = PBXBuildFile; fileRef = 99B7AEB0192D50D500C1B49C /* Images.xcassets */; };
		99B7AEB8192D50D500C1B49C /* XCTest.framework in Frameworks */ = {isa = PBXBuildFile; fileRef = 99B7AEB7192D50D500C1B49C /* XCTest.framework */; };
		99B7AEB9192D50D500C1B49C /* Foundation.framework in Frameworks */ = {isa = PBXBuildFile; fileRef = 99B7AE98192D50D500C1B49C /* Foundation.framework */; };
		99B7AEBA192D50D500C1B49C /* UIKit.framework in Frameworks */ = {isa = PBXBuildFile; fileRef = 99B7AE9C192D50D500C1B49C /* UIKit.framework */; };
		99B7AEC2192D50D500C1B49C /* InfoPlist.strings in Resources */ = {isa = PBXBuildFile; fileRef = 99B7AEC0192D50D500C1B49C /* InfoPlist.strings */; };
		99B7AEC4192D50D500C1B49C /* testing_swipingTests.m in Sources */ = {isa = PBXBuildFile; fileRef = 99B7AEC3192D50D500C1B49C /* testing_swipingTests.m */; };
		99B7AECF192D513800C1B49C /* DraggableView.m in Sources */ = {isa = PBXBuildFile; fileRef = 99B7AECE192D513800C1B49C /* DraggableView.m */; };
		99B7AED2192E914500C1B49C /* OverlayView.m in Sources */ = {isa = PBXBuildFile; fileRef = 99B7AED1192E914500C1B49C /* OverlayView.m */; };
		99FDDE7919A992F200371454 /* DraggableViewBackground.m in Sources */ = {isa = PBXBuildFile; fileRef = 99FDDE7819A992F200371454 /* DraggableViewBackground.m */; };
/* End PBXBuildFile section */

/* Begin PBXContainerItemProxy section */
		99B7AEBB192D50D500C1B49C /* PBXContainerItemProxy */ = {
			isa = PBXContainerItemProxy;
			containerPortal = 99B7AE8D192D50D500C1B49C /* Project object */;
			proxyType = 1;
			remoteGlobalIDString = 99B7AE94192D50D500C1B49C;
			remoteInfo = "testing swiping";
		};
/* End PBXContainerItemProxy section */

/* Begin PBXFileReference section */
		2C38CEB15FB9E561CDAF3425 /* Pods-testing swiping.release.xcconfig */ = {isa = PBXFileReference; includeInIndex = 1; lastKnownFileType = text.xcconfig; name = "Pods-testing swiping.release.xcconfig"; path = "Pods/Target Support Files/Pods-testing swiping/Pods-testing swiping.release.xcconfig"; sourceTree = "<group>"; };
		576300475D25C95CF9230D19 /* Pods-testing swiping.debug.xcconfig */ = {isa = PBXFileReference; includeInIndex = 1; lastKnownFileType = text.xcconfig; name = "Pods-testing swiping.debug.xcconfig"; path = "Pods/Target Support Files/Pods-testing swiping/Pods-testing swiping.debug.xcconfig"; sourceTree = "<group>"; };
		936AAAD51B8DC10F00435669 /* LoginViewController.h */ = {isa = PBXFileReference; fileEncoding = 4; lastKnownFileType = sourcecode.c.h; path = LoginViewController.h; sourceTree = "<group>"; };
		936AAAD61B8DC10F00435669 /* LoginViewController.m */ = {isa = PBXFileReference; fileEncoding = 4; lastKnownFileType = sourcecode.c.objc; path = LoginViewController.m; sourceTree = "<group>"; };
		939E33481B9789C200B31781 /* UserController.h */ = {isa = PBXFileReference; fileEncoding = 4; lastKnownFileType = sourcecode.c.h; path = UserController.h; sourceTree = "<group>"; };
		939E33491B9789C200B31781 /* UserController.m */ = {isa = PBXFileReference; fileEncoding = 4; lastKnownFileType = sourcecode.c.objc; path = UserController.m; sourceTree = "<group>"; };
		939E334B1B97979700B31781 /* FirebaseNetworkController.h */ = {isa = PBXFileReference; fileEncoding = 4; lastKnownFileType = sourcecode.c.h; path = FirebaseNetworkController.h; sourceTree = "<group>"; };
		939E334C1B97979700B31781 /* FirebaseNetworkController.m */ = {isa = PBXFileReference; fileEncoding = 4; lastKnownFileType = sourcecode.c.objc; path = FirebaseNetworkController.m; sourceTree = "<group>"; };
		939E334E1B97990100B31781 /* Security.framework */ = {isa = PBXFileReference; lastKnownFileType = wrapper.framework; name = Security.framework; path = System/Library/Frameworks/Security.framework; sourceTree = SDKROOT; };
		939E33501B979B3E00B31781 /* KeychainItemWrapper.h */ = {isa = PBXFileReference; fileEncoding = 4; lastKnownFileType = sourcecode.c.h; path = KeychainItemWrapper.h; sourceTree = "<group>"; };
		939E33511B979B3E00B31781 /* KeychainItemWrapper.m */ = {isa = PBXFileReference; fileEncoding = 4; lastKnownFileType = sourcecode.c.objc; path = KeychainItemWrapper.m; sourceTree = "<group>"; };
		93AE6E941B7D3B8800E896C1 /* LeagueNetworkController.h */ = {isa = PBXFileReference; fileEncoding = 4; lastKnownFileType = sourcecode.c.h; path = LeagueNetworkController.h; sourceTree = "<group>"; };
		93AE6E951B7D3B8800E896C1 /* LeagueNetworkController.m */ = {isa = PBXFileReference; fileEncoding = 4; lastKnownFileType = sourcecode.c.objc; path = LeagueNetworkController.m; sourceTree = "<group>"; };
		93B15ECC1B8DC7D300B75784 /* RegisterViewController.h */ = {isa = PBXFileReference; fileEncoding = 4; lastKnownFileType = sourcecode.c.h; path = RegisterViewController.h; sourceTree = "<group>"; };
		93B15ECD1B8DC7D300B75784 /* RegisterViewController.m */ = {isa = PBXFileReference; fileEncoding = 4; lastKnownFileType = sourcecode.c.objc; path = RegisterViewController.m; sourceTree = "<group>"; };
		93B15ECF1B8DCB4900B75784 /* MessagesViewController.h */ = {isa = PBXFileReference; fileEncoding = 4; lastKnownFileType = sourcecode.c.h; path = MessagesViewController.h; sourceTree = "<group>"; };
		93B15ED01B8DCB4900B75784 /* MessagesViewController.m */ = {isa = PBXFileReference; fileEncoding = 4; lastKnownFileType = sourcecode.c.objc; path = MessagesViewController.m; sourceTree = "<group>"; };
		93B15ED21B8DCB6400B75784 /* MenuViewController.h */ = {isa = PBXFileReference; fileEncoding = 4; lastKnownFileType = sourcecode.c.h; name = MenuViewController.h; path = ../MenuViewController.h; sourceTree = "<group>"; };
		93B15ED31B8DCB6400B75784 /* MenuViewController.m */ = {isa = PBXFileReference; fileEncoding = 4; lastKnownFileType = sourcecode.c.objc; name = MenuViewController.m; path = ../MenuViewController.m; sourceTree = "<group>"; };
		93BCB41C1B7E4EA3000D6630 /* SummonerController.h */ = {isa = PBXFileReference; fileEncoding = 4; lastKnownFileType = sourcecode.c.h; path = SummonerController.h; sourceTree = "<group>"; };
		93BCB41D1B7E4EA3000D6630 /* SummonerController.m */ = {isa = PBXFileReference; fileEncoding = 4; lastKnownFileType = sourcecode.c.objc; path = SummonerController.m; sourceTree = "<group>"; };
		93CAC24A1B8F76130028482E /* VerifyRegistrationViewController.h */ = {isa = PBXFileReference; fileEncoding = 4; lastKnownFileType = sourcecode.c.h; name = VerifyRegistrationViewController.h; path = ../VerifyRegistrationViewController.h; sourceTree = "<group>"; };
		93CAC24B1B8F76130028482E /* VerifyRegistrationViewController.m */ = {isa = PBXFileReference; fileEncoding = 4; lastKnownFileType = sourcecode.c.objc; name = VerifyRegistrationViewController.m; path = ../VerifyRegistrationViewController.m; sourceTree = "<group>"; };
		93CAC24D1B8F9D800028482E /* FixedSummonerProfileView.h */ = {isa = PBXFileReference; fileEncoding = 4; lastKnownFileType = sourcecode.c.h; path = FixedSummonerProfileView.h; sourceTree = "<group>"; };
		93CAC24E1B8F9D800028482E /* FixedSummonerProfileView.m */ = {isa = PBXFileReference; fileEncoding = 4; lastKnownFileType = sourcecode.c.objc; path = FixedSummonerProfileView.m; sourceTree = "<group>"; };
		93CAC2501B8FA3EE0028482E /* WelcomeViewController.h */ = {isa = PBXFileReference; fileEncoding = 4; lastKnownFileType = sourcecode.c.h; path = WelcomeViewController.h; sourceTree = "<group>"; };
		93CAC2511B8FA3EE0028482E /* WelcomeViewController.m */ = {isa = PBXFileReference; fileEncoding = 4; lastKnownFileType = sourcecode.c.objc; path = WelcomeViewController.m; sourceTree = "<group>"; };
		93CAC2531B8FB9F50028482E /* Friz Quadrata Regular.ttf */ = {isa = PBXFileReference; lastKnownFileType = file; path = "Friz Quadrata Regular.ttf"; sourceTree = "<group>"; };
		93CAC2551B8FC6450028482E /* AppearanceController.h */ = {isa = PBXFileReference; fileEncoding = 4; lastKnownFileType = sourcecode.c.h; path = AppearanceController.h; sourceTree = "<group>"; };
		93CAC2561B8FC6450028482E /* AppearanceController.m */ = {isa = PBXFileReference; fileEncoding = 4; lastKnownFileType = sourcecode.c.objc; path = AppearanceController.m; sourceTree = "<group>"; };
		93CAC2581B8FE97F0028482E /* LOLLabel.h */ = {isa = PBXFileReference; fileEncoding = 4; lastKnownFileType = sourcecode.c.h; path = LOLLabel.h; sourceTree = "<group>"; };
		93CAC2591B8FE97F0028482E /* LOLLabel.m */ = {isa = PBXFileReference; fileEncoding = 4; lastKnownFileType = sourcecode.c.objc; path = LOLLabel.m; sourceTree = "<group>"; };
		93E782B51B94F117007E2DD8 /* UserCreationViewController.h */ = {isa = PBXFileReference; fileEncoding = 4; lastKnownFileType = sourcecode.c.h; path = UserCreationViewController.h; sourceTree = "<group>"; };
		93E782B61B94F117007E2DD8 /* UserCreationViewController.m */ = {isa = PBXFileReference; fileEncoding = 4; lastKnownFileType = sourcecode.c.objc; path = UserCreationViewController.m; sourceTree = "<group>"; };
		93FD491B1B8D24F50047BAA4 /* CoreData.framework */ = {isa = PBXFileReference; lastKnownFileType = wrapper.framework; name = CoreData.framework; path = System/Library/Frameworks/CoreData.framework; sourceTree = SDKROOT; };
		93FD49201B8D28780047BAA4 /* Summoner.h */ = {isa = PBXFileReference; fileEncoding = 4; lastKnownFileType = sourcecode.c.h; name = Summoner.h; path = ../Summoner.h; sourceTree = "<group>"; };
		93FD49211B8D28780047BAA4 /* Summoner.m */ = {isa = PBXFileReference; fileEncoding = 4; lastKnownFileType = sourcecode.c.objc; name = Summoner.m; path = ../Summoner.m; sourceTree = "<group>"; };
		99B7AE95192D50D500C1B49C /* testing swiping.app */ = {isa = PBXFileReference; explicitFileType = wrapper.application; includeInIndex = 0; path = "testing swiping.app"; sourceTree = BUILT_PRODUCTS_DIR; };
		99B7AE98192D50D500C1B49C /* Foundation.framework */ = {isa = PBXFileReference; lastKnownFileType = wrapper.framework; name = Foundation.framework; path = System/Library/Frameworks/Foundation.framework; sourceTree = SDKROOT; };
		99B7AE9A192D50D500C1B49C /* CoreGraphics.framework */ = {isa = PBXFileReference; lastKnownFileType = wrapper.framework; name = CoreGraphics.framework; path = System/Library/Frameworks/CoreGraphics.framework; sourceTree = SDKROOT; };
		99B7AE9C192D50D500C1B49C /* UIKit.framework */ = {isa = PBXFileReference; lastKnownFileType = wrapper.framework; name = UIKit.framework; path = System/Library/Frameworks/UIKit.framework; sourceTree = SDKROOT; };
		99B7AEA0192D50D500C1B49C /* testing swiping-Info.plist */ = {isa = PBXFileReference; lastKnownFileType = text.plist.xml; path = "testing swiping-Info.plist"; sourceTree = "<group>"; };
		99B7AEA2192D50D500C1B49C /* en */ = {isa = PBXFileReference; lastKnownFileType = text.plist.strings; name = en; path = en.lproj/InfoPlist.strings; sourceTree = "<group>"; };
		99B7AEA4192D50D500C1B49C /* main.m */ = {isa = PBXFileReference; lastKnownFileType = sourcecode.c.objc; path = main.m; sourceTree = "<group>"; };
		99B7AEA6192D50D500C1B49C /* testing swiping-Prefix.pch */ = {isa = PBXFileReference; lastKnownFileType = sourcecode.c.h; path = "testing swiping-Prefix.pch"; sourceTree = "<group>"; };
		99B7AEA7192D50D500C1B49C /* AppDelegate.h */ = {isa = PBXFileReference; lastKnownFileType = sourcecode.c.h; path = AppDelegate.h; sourceTree = "<group>"; };
		99B7AEA8192D50D500C1B49C /* AppDelegate.m */ = {isa = PBXFileReference; lastKnownFileType = sourcecode.c.objc; path = AppDelegate.m; sourceTree = "<group>"; };
		99B7AEAB192D50D500C1B49C /* Base */ = {isa = PBXFileReference; lastKnownFileType = file.storyboard; name = Base; path = Base.lproj/Main.storyboard; sourceTree = "<group>"; };
		99B7AEAD192D50D500C1B49C /* DragCardsViewController.h */ = {isa = PBXFileReference; lastKnownFileType = sourcecode.c.h; path = DragCardsViewController.h; sourceTree = "<group>"; };
		99B7AEAE192D50D500C1B49C /* DragCardsViewController.m */ = {isa = PBXFileReference; lastKnownFileType = sourcecode.c.objc; path = DragCardsViewController.m; sourceTree = "<group>"; };
		99B7AEB0192D50D500C1B49C /* Images.xcassets */ = {isa = PBXFileReference; lastKnownFileType = folder.assetcatalog; path = Images.xcassets; sourceTree = "<group>"; };
		99B7AEB6192D50D500C1B49C /* testing swipingTests.xctest */ = {isa = PBXFileReference; explicitFileType = wrapper.cfbundle; includeInIndex = 0; path = "testing swipingTests.xctest"; sourceTree = BUILT_PRODUCTS_DIR; };
		99B7AEB7192D50D500C1B49C /* XCTest.framework */ = {isa = PBXFileReference; lastKnownFileType = wrapper.framework; name = XCTest.framework; path = Library/Frameworks/XCTest.framework; sourceTree = DEVELOPER_DIR; };
		99B7AEBF192D50D500C1B49C /* testing swipingTests-Info.plist */ = {isa = PBXFileReference; lastKnownFileType = text.plist.xml; path = "testing swipingTests-Info.plist"; sourceTree = "<group>"; };
		99B7AEC1192D50D500C1B49C /* en */ = {isa = PBXFileReference; lastKnownFileType = text.plist.strings; name = en; path = en.lproj/InfoPlist.strings; sourceTree = "<group>"; };
		99B7AEC3192D50D500C1B49C /* testing_swipingTests.m */ = {isa = PBXFileReference; lastKnownFileType = sourcecode.c.objc; path = testing_swipingTests.m; sourceTree = "<group>"; };
		99B7AECD192D513800C1B49C /* DraggableView.h */ = {isa = PBXFileReference; fileEncoding = 4; lastKnownFileType = sourcecode.c.h; path = DraggableView.h; sourceTree = "<group>"; };
		99B7AECE192D513800C1B49C /* DraggableView.m */ = {isa = PBXFileReference; fileEncoding = 4; lastKnownFileType = sourcecode.c.objc; path = DraggableView.m; sourceTree = "<group>"; };
		99B7AED0192E914500C1B49C /* OverlayView.h */ = {isa = PBXFileReference; fileEncoding = 4; lastKnownFileType = sourcecode.c.h; path = OverlayView.h; sourceTree = "<group>"; };
		99B7AED1192E914500C1B49C /* OverlayView.m */ = {isa = PBXFileReference; fileEncoding = 4; lastKnownFileType = sourcecode.c.objc; path = OverlayView.m; sourceTree = "<group>"; };
		99FDDE7719A992F200371454 /* DraggableViewBackground.h */ = {isa = PBXFileReference; fileEncoding = 4; lastKnownFileType = sourcecode.c.h; path = DraggableViewBackground.h; sourceTree = "<group>"; };
		99FDDE7819A992F200371454 /* DraggableViewBackground.m */ = {isa = PBXFileReference; fileEncoding = 4; lastKnownFileType = sourcecode.c.objc; path = DraggableViewBackground.m; sourceTree = "<group>"; };
		C7A9B80CCABE669EF938C88B /* libPods-testing swiping.a */ = {isa = PBXFileReference; explicitFileType = archive.ar; includeInIndex = 0; path = "libPods-testing swiping.a"; sourceTree = BUILT_PRODUCTS_DIR; };
/* End PBXFileReference section */

/* Begin PBXFrameworksBuildPhase section */
		99B7AE92192D50D500C1B49C /* Frameworks */ = {
			isa = PBXFrameworksBuildPhase;
			buildActionMask = 2147483647;
			files = (
				939E334F1B97990100B31781 /* Security.framework in Frameworks */,
				93FD491C1B8D24F50047BAA4 /* CoreData.framework in Frameworks */,
				99B7AE9B192D50D500C1B49C /* CoreGraphics.framework in Frameworks */,
				99B7AE9D192D50D500C1B49C /* UIKit.framework in Frameworks */,
				99B7AE99192D50D500C1B49C /* Foundation.framework in Frameworks */,
				5F332F3F63A006800A0039F0 /* libPods-testing swiping.a in Frameworks */,
			);
			runOnlyForDeploymentPostprocessing = 0;
		};
		99B7AEB3192D50D500C1B49C /* Frameworks */ = {
			isa = PBXFrameworksBuildPhase;
			buildActionMask = 2147483647;
			files = (
				99B7AEB8192D50D500C1B49C /* XCTest.framework in Frameworks */,
				99B7AEBA192D50D500C1B49C /* UIKit.framework in Frameworks */,
				99B7AEB9192D50D500C1B49C /* Foundation.framework in Frameworks */,
			);
			runOnlyForDeploymentPostprocessing = 0;
		};
/* End PBXFrameworksBuildPhase section */

/* Begin PBXGroup section */
		3F8D4E5747CEA3F06AD1976C /* Pods */ = {
			isa = PBXGroup;
			children = (
				576300475D25C95CF9230D19 /* Pods-testing swiping.debug.xcconfig */,
				2C38CEB15FB9E561CDAF3425 /* Pods-testing swiping.release.xcconfig */,
			);
			name = Pods;
			sourceTree = "<group>";
		};
		9385CDD71B91220900C1F79A /* Appearance */ = {
			isa = PBXGroup;
			children = (
				93CAC2581B8FE97F0028482E /* LOLLabel.h */,
				93CAC2591B8FE97F0028482E /* LOLLabel.m */,
				93CAC2551B8FC6450028482E /* AppearanceController.h */,
				93CAC2561B8FC6450028482E /* AppearanceController.m */,
			);
			name = Appearance;
			sourceTree = "<group>";
		};
		93C2A0381B8D718400AD0ADF /* Model */ = {
			isa = PBXGroup;
			children = (
				93FD49201B8D28780047BAA4 /* Summoner.h */,
				93FD49211B8D28780047BAA4 /* Summoner.m */,
			);
			name = Model;
			sourceTree = "<group>";
		};
		93C2A0391B8D71EE00AD0ADF /* SwipeView */ = {
			isa = PBXGroup;
			children = (
				99B7AEAD192D50D500C1B49C /* DragCardsViewController.h */,
				99B7AEAE192D50D500C1B49C /* DragCardsViewController.m */,
				99FDDE7719A992F200371454 /* DraggableViewBackground.h */,
				99FDDE7819A992F200371454 /* DraggableViewBackground.m */,
				99B7AECD192D513800C1B49C /* DraggableView.h */,
				99B7AECE192D513800C1B49C /* DraggableView.m */,
				93CAC24D1B8F9D800028482E /* FixedSummonerProfileView.h */,
				93CAC24E1B8F9D800028482E /* FixedSummonerProfileView.m */,
				99B7AED0192E914500C1B49C /* OverlayView.h */,
				99B7AED1192E914500C1B49C /* OverlayView.m */,
			);
			name = SwipeView;
			sourceTree = "<group>";
		};
		93C2A03A1B8D722D00AD0ADF /* Controllers */ = {
			isa = PBXGroup;
			children = (
				939E334B1B97979700B31781 /* FirebaseNetworkController.h */,
				939E334C1B97979700B31781 /* FirebaseNetworkController.m */,
				93AE6E941B7D3B8800E896C1 /* LeagueNetworkController.h */,
				93AE6E951B7D3B8800E896C1 /* LeagueNetworkController.m */,
				93BCB41C1B7E4EA3000D6630 /* SummonerController.h */,
				93BCB41D1B7E4EA3000D6630 /* SummonerController.m */,
				939E33481B9789C200B31781 /* UserController.h */,
				939E33491B9789C200B31781 /* UserController.m */,
				939E33501B979B3E00B31781 /* KeychainItemWrapper.h */,
				939E33511B979B3E00B31781 /* KeychainItemWrapper.m */,
			);
			name = Controllers;
			sourceTree = "<group>";
		};
		99B7AE8C192D50D500C1B49C = {
			isa = PBXGroup;
			children = (
				99B7AE9E192D50D500C1B49C /* testing swiping */,
				99B7AEBD192D50D500C1B49C /* testing swipingTests */,
				99B7AE97192D50D500C1B49C /* Frameworks */,
				99B7AE96192D50D500C1B49C /* Products */,
				3F8D4E5747CEA3F06AD1976C /* Pods */,
			);
			sourceTree = "<group>";
		};
		99B7AE96192D50D500C1B49C /* Products */ = {
			isa = PBXGroup;
			children = (
				99B7AE95192D50D500C1B49C /* testing swiping.app */,
				99B7AEB6192D50D500C1B49C /* testing swipingTests.xctest */,
			);
			name = Products;
			sourceTree = "<group>";
		};
		99B7AE97192D50D500C1B49C /* Frameworks */ = {
			isa = PBXGroup;
			children = (
				939E334E1B97990100B31781 /* Security.framework */,
				93FD491B1B8D24F50047BAA4 /* CoreData.framework */,
				99B7AE98192D50D500C1B49C /* Foundation.framework */,
				99B7AE9A192D50D500C1B49C /* CoreGraphics.framework */,
				99B7AE9C192D50D500C1B49C /* UIKit.framework */,
				99B7AEB7192D50D500C1B49C /* XCTest.framework */,
				C7A9B80CCABE669EF938C88B /* libPods-testing swiping.a */,
			);
			name = Frameworks;
			sourceTree = "<group>";
		};
		99B7AE9E192D50D500C1B49C /* testing swiping */ = {
			isa = PBXGroup;
			children = (
				99B7AEA7192D50D500C1B49C /* AppDelegate.h */,
				99B7AEA8192D50D500C1B49C /* AppDelegate.m */,
				93E782B51B94F117007E2DD8 /* UserCreationViewController.h */,
				93E782B61B94F117007E2DD8 /* UserCreationViewController.m */,
				93CAC2501B8FA3EE0028482E /* WelcomeViewController.h */,
				93CAC2511B8FA3EE0028482E /* WelcomeViewController.m */,
				99B7AEAA192D50D500C1B49C /* Main.storyboard */,
				936AAAD51B8DC10F00435669 /* LoginViewController.h */,
				936AAAD61B8DC10F00435669 /* LoginViewController.m */,
				93B15ECC1B8DC7D300B75784 /* RegisterViewController.h */,
				93B15ECD1B8DC7D300B75784 /* RegisterViewController.m */,
				93B15ECF1B8DCB4900B75784 /* MessagesViewController.h */,
				93B15ED01B8DCB4900B75784 /* MessagesViewController.m */,
				93B15ED21B8DCB6400B75784 /* MenuViewController.h */,
				93B15ED31B8DCB6400B75784 /* MenuViewController.m */,
				93CAC24A1B8F76130028482E /* VerifyRegistrationViewController.h */,
				93CAC24B1B8F76130028482E /* VerifyRegistrationViewController.m */,
				9385CDD71B91220900C1F79A /* Appearance */,
				93C2A03A1B8D722D00AD0ADF /* Controllers */,
				93C2A0381B8D718400AD0ADF /* Model */,
				93C2A0391B8D71EE00AD0ADF /* SwipeView */,
				99B7AEB0192D50D500C1B49C /* Images.xcassets */,
				99B7AE9F192D50D500C1B49C /* Supporting Files */,
			);
			path = "testing swiping";
			sourceTree = "<group>";
		};
		99B7AE9F192D50D500C1B49C /* Supporting Files */ = {
			isa = PBXGroup;
			children = (
				93CAC2531B8FB9F50028482E /* Friz Quadrata Regular.ttf */,
				99B7AEA0192D50D500C1B49C /* testing swiping-Info.plist */,
				99B7AEA1192D50D500C1B49C /* InfoPlist.strings */,
				99B7AEA4192D50D500C1B49C /* main.m */,
				99B7AEA6192D50D500C1B49C /* testing swiping-Prefix.pch */,
			);
			name = "Supporting Files";
			sourceTree = "<group>";
		};
		99B7AEBD192D50D500C1B49C /* testing swipingTests */ = {
			isa = PBXGroup;
			children = (
				99B7AEC3192D50D500C1B49C /* testing_swipingTests.m */,
				99B7AEBE192D50D500C1B49C /* Supporting Files */,
			);
			path = "testing swipingTests";
			sourceTree = "<group>";
		};
		99B7AEBE192D50D500C1B49C /* Supporting Files */ = {
			isa = PBXGroup;
			children = (
				99B7AEBF192D50D500C1B49C /* testing swipingTests-Info.plist */,
				99B7AEC0192D50D500C1B49C /* InfoPlist.strings */,
			);
			name = "Supporting Files";
			sourceTree = "<group>";
		};
/* End PBXGroup section */

/* Begin PBXNativeTarget section */
		99B7AE94192D50D500C1B49C /* testing swiping */ = {
			isa = PBXNativeTarget;
			buildConfigurationList = 99B7AEC7192D50D500C1B49C /* Build configuration list for PBXNativeTarget "testing swiping" */;
			buildPhases = (
				E18A82BF246AB3EAC113B8F2 /* Check Pods Manifest.lock */,
				99B7AE91192D50D500C1B49C /* Sources */,
				99B7AE92192D50D500C1B49C /* Frameworks */,
				99B7AE93192D50D500C1B49C /* Resources */,
				DDC785B81C8FE4459CBDC2BB /* Copy Pods Resources */,
			);
			buildRules = (
			);
			dependencies = (
			);
			name = "testing swiping";
			productName = "testing swiping";
			productReference = 99B7AE95192D50D500C1B49C /* testing swiping.app */;
			productType = "com.apple.product-type.application";
		};
		99B7AEB5192D50D500C1B49C /* testing swipingTests */ = {
			isa = PBXNativeTarget;
			buildConfigurationList = 99B7AECA192D50D500C1B49C /* Build configuration list for PBXNativeTarget "testing swipingTests" */;
			buildPhases = (
				99B7AEB2192D50D500C1B49C /* Sources */,
				99B7AEB3192D50D500C1B49C /* Frameworks */,
				99B7AEB4192D50D500C1B49C /* Resources */,
			);
			buildRules = (
			);
			dependencies = (
				99B7AEBC192D50D500C1B49C /* PBXTargetDependency */,
			);
			name = "testing swipingTests";
			productName = "testing swipingTests";
			productReference = 99B7AEB6192D50D500C1B49C /* testing swipingTests.xctest */;
			productType = "com.apple.product-type.bundle.unit-test";
		};
/* End PBXNativeTarget section */

/* Begin PBXProject section */
		99B7AE8D192D50D500C1B49C /* Project object */ = {
			isa = PBXProject;
			attributes = {
				LastUpgradeCheck = 0510;
				ORGANIZATIONNAME = "Richard Kim";
				TargetAttributes = {
					99B7AEB5192D50D500C1B49C = {
						TestTargetID = 99B7AE94192D50D500C1B49C;
					};
				};
			};
			buildConfigurationList = 99B7AE90192D50D500C1B49C /* Build configuration list for PBXProject "testing swiping" */;
			compatibilityVersion = "Xcode 3.2";
			developmentRegion = English;
			hasScannedForEncodings = 0;
			knownRegions = (
				en,
				Base,
			);
			mainGroup = 99B7AE8C192D50D500C1B49C;
			productRefGroup = 99B7AE96192D50D500C1B49C /* Products */;
			projectDirPath = "";
			projectRoot = "";
			targets = (
				99B7AE94192D50D500C1B49C /* testing swiping */,
				99B7AEB5192D50D500C1B49C /* testing swipingTests */,
			);
		};
/* End PBXProject section */

/* Begin PBXResourcesBuildPhase section */
		99B7AE93192D50D500C1B49C /* Resources */ = {
			isa = PBXResourcesBuildPhase;
			buildActionMask = 2147483647;
			files = (
				99B7AEB1192D50D500C1B49C /* Images.xcassets in Resources */,
				99B7AEA3192D50D500C1B49C /* InfoPlist.strings in Resources */,
				99B7AEAC192D50D500C1B49C /* Main.storyboard in Resources */,
				93CAC2541B8FBACE0028482E /* Friz Quadrata Regular.ttf in Resources */,
			);
			runOnlyForDeploymentPostprocessing = 0;
		};
		99B7AEB4192D50D500C1B49C /* Resources */ = {
			isa = PBXResourcesBuildPhase;
			buildActionMask = 2147483647;
			files = (
				99B7AEC2192D50D500C1B49C /* InfoPlist.strings in Resources */,
			);
			runOnlyForDeploymentPostprocessing = 0;
		};
/* End PBXResourcesBuildPhase section */

/* Begin PBXShellScriptBuildPhase section */
		DDC785B81C8FE4459CBDC2BB /* Copy Pods Resources */ = {
			isa = PBXShellScriptBuildPhase;
			buildActionMask = 2147483647;
			files = (
			);
			inputPaths = (
			);
			name = "Copy Pods Resources";
			outputPaths = (
			);
			runOnlyForDeploymentPostprocessing = 0;
			shellPath = /bin/sh;
			shellScript = "\"${SRCROOT}/Pods/Target Support Files/Pods-testing swiping/Pods-testing swiping-resources.sh\"\n";
			showEnvVarsInLog = 0;
		};
		E18A82BF246AB3EAC113B8F2 /* Check Pods Manifest.lock */ = {
			isa = PBXShellScriptBuildPhase;
			buildActionMask = 2147483647;
			files = (
			);
			inputPaths = (
			);
			name = "Check Pods Manifest.lock";
			outputPaths = (
			);
			runOnlyForDeploymentPostprocessing = 0;
			shellPath = /bin/sh;
			shellScript = "diff \"${PODS_ROOT}/../Podfile.lock\" \"${PODS_ROOT}/Manifest.lock\" > /dev/null\nif [[ $? != 0 ]] ; then\n    cat << EOM\nerror: The sandbox is not in sync with the Podfile.lock. Run 'pod install' or update your CocoaPods installation.\nEOM\n    exit 1\nfi\n";
			showEnvVarsInLog = 0;
		};
/* End PBXShellScriptBuildPhase section */

/* Begin PBXSourcesBuildPhase section */
		99B7AE91192D50D500C1B49C /* Sources */ = {
			isa = PBXSourcesBuildPhase;
			buildActionMask = 2147483647;
			files = (
				99FDDE7919A992F200371454 /* DraggableViewBackground.m in Sources */,
				93BCB41E1B7E4EA3000D6630 /* SummonerController.m in Sources */,
				939E334A1B9789C200B31781 /* UserController.m in Sources */,
				93E782B71B94F117007E2DD8 /* UserCreationViewController.m in Sources */,
				99B7AEAF192D50D500C1B49C /* DragCardsViewController.m in Sources */,
				99B7AED2192E914500C1B49C /* OverlayView.m in Sources */,
				939E33521B979B3E00B31781 /* KeychainItemWrapper.m in Sources */,
				93CAC25A1B8FE97F0028482E /* LOLLabel.m in Sources */,
				93CAC24C1B8F76130028482E /* VerifyRegistrationViewController.m in Sources */,
				93B15ED41B8DCB6400B75784 /* MenuViewController.m in Sources */,
				99B7AEA9192D50D500C1B49C /* AppDelegate.m in Sources */,
				93AE6E961B7D3B8800E896C1 /* LeagueNetworkController.m in Sources */,
				93B15ED11B8DCB4900B75784 /* MessagesViewController.m in Sources */,
				99B7AECF192D513800C1B49C /* DraggableView.m in Sources */,
				93CAC24F1B8F9D800028482E /* FixedSummonerProfileView.m in Sources */,
				936AAAD71B8DC10F00435669 /* LoginViewController.m in Sources */,
				93B15ECE1B8DC7D300B75784 /* RegisterViewController.m in Sources */,
				93CAC2521B8FA3EE0028482E /* WelcomeViewController.m in Sources */,
				99B7AEA5192D50D500C1B49C /* main.m in Sources */,
				93CAC2571B8FC6450028482E /* AppearanceController.m in Sources */,
				939E334D1B97979700B31781 /* FirebaseNetworkController.m in Sources */,
				93FD49221B8D28780047BAA4 /* Summoner.m in Sources */,
			);
			runOnlyForDeploymentPostprocessing = 0;
		};
		99B7AEB2192D50D500C1B49C /* Sources */ = {
			isa = PBXSourcesBuildPhase;
			buildActionMask = 2147483647;
			files = (
				99B7AEC4192D50D500C1B49C /* testing_swipingTests.m in Sources */,
			);
			runOnlyForDeploymentPostprocessing = 0;
		};
/* End PBXSourcesBuildPhase section */

/* Begin PBXTargetDependency section */
		99B7AEBC192D50D500C1B49C /* PBXTargetDependency */ = {
			isa = PBXTargetDependency;
			target = 99B7AE94192D50D500C1B49C /* testing swiping */;
			targetProxy = 99B7AEBB192D50D500C1B49C /* PBXContainerItemProxy */;
		};
/* End PBXTargetDependency section */

/* Begin PBXVariantGroup section */
		99B7AEA1192D50D500C1B49C /* InfoPlist.strings */ = {
			isa = PBXVariantGroup;
			children = (
				99B7AEA2192D50D500C1B49C /* en */,
			);
			name = InfoPlist.strings;
			sourceTree = "<group>";
		};
		99B7AEAA192D50D500C1B49C /* Main.storyboard */ = {
			isa = PBXVariantGroup;
			children = (
				99B7AEAB192D50D500C1B49C /* Base */,
			);
			name = Main.storyboard;
			sourceTree = "<group>";
		};
		99B7AEC0192D50D500C1B49C /* InfoPlist.strings */ = {
			isa = PBXVariantGroup;
			children = (
				99B7AEC1192D50D500C1B49C /* en */,
			);
			name = InfoPlist.strings;
			sourceTree = "<group>";
		};
/* End PBXVariantGroup section */

/* Begin XCBuildConfiguration section */
		99B7AEC5192D50D500C1B49C /* Debug */ = {
			isa = XCBuildConfiguration;
			buildSettings = {
				ALWAYS_SEARCH_USER_PATHS = NO;
				CLANG_CXX_LANGUAGE_STANDARD = "gnu++0x";
				CLANG_CXX_LIBRARY = "libc++";
				CLANG_ENABLE_MODULES = YES;
				CLANG_ENABLE_OBJC_ARC = YES;
				CLANG_WARN_BOOL_CONVERSION = YES;
				CLANG_WARN_CONSTANT_CONVERSION = YES;
				CLANG_WARN_DIRECT_OBJC_ISA_USAGE = YES_ERROR;
				CLANG_WARN_EMPTY_BODY = YES;
				CLANG_WARN_ENUM_CONVERSION = YES;
				CLANG_WARN_INT_CONVERSION = YES;
				CLANG_WARN_OBJC_ROOT_CLASS = YES_ERROR;
				CLANG_WARN__DUPLICATE_METHOD_MATCH = YES;
				"CODE_SIGN_IDENTITY[sdk=iphoneos*]" = "iPhone Developer";
				COPY_PHASE_STRIP = NO;
				GCC_C_LANGUAGE_STANDARD = gnu99;
				GCC_DYNAMIC_NO_PIC = NO;
				GCC_OPTIMIZATION_LEVEL = 0;
				GCC_PREPROCESSOR_DEFINITIONS = (
					"DEBUG=1",
					"$(inherited)",
				);
				GCC_SYMBOLS_PRIVATE_EXTERN = NO;
				GCC_WARN_64_TO_32_BIT_CONVERSION = YES;
				GCC_WARN_ABOUT_RETURN_TYPE = YES_ERROR;
				GCC_WARN_UNDECLARED_SELECTOR = YES;
				GCC_WARN_UNINITIALIZED_AUTOS = YES_AGGRESSIVE;
				GCC_WARN_UNUSED_FUNCTION = YES;
				GCC_WARN_UNUSED_VARIABLE = YES;
				IPHONEOS_DEPLOYMENT_TARGET = 7.1;
				ONLY_ACTIVE_ARCH = YES;
				SDKROOT = iphoneos;
			};
			name = Debug;
		};
		99B7AEC6192D50D500C1B49C /* Release */ = {
			isa = XCBuildConfiguration;
			buildSettings = {
				ALWAYS_SEARCH_USER_PATHS = NO;
				CLANG_CXX_LANGUAGE_STANDARD = "gnu++0x";
				CLANG_CXX_LIBRARY = "libc++";
				CLANG_ENABLE_MODULES = YES;
				CLANG_ENABLE_OBJC_ARC = YES;
				CLANG_WARN_BOOL_CONVERSION = YES;
				CLANG_WARN_CONSTANT_CONVERSION = YES;
				CLANG_WARN_DIRECT_OBJC_ISA_USAGE = YES_ERROR;
				CLANG_WARN_EMPTY_BODY = YES;
				CLANG_WARN_ENUM_CONVERSION = YES;
				CLANG_WARN_INT_CONVERSION = YES;
				CLANG_WARN_OBJC_ROOT_CLASS = YES_ERROR;
				CLANG_WARN__DUPLICATE_METHOD_MATCH = YES;
				"CODE_SIGN_IDENTITY[sdk=iphoneos*]" = "iPhone Developer";
				COPY_PHASE_STRIP = YES;
				ENABLE_NS_ASSERTIONS = NO;
				GCC_C_LANGUAGE_STANDARD = gnu99;
				GCC_WARN_64_TO_32_BIT_CONVERSION = YES;
				GCC_WARN_ABOUT_RETURN_TYPE = YES_ERROR;
				GCC_WARN_UNDECLARED_SELECTOR = YES;
				GCC_WARN_UNINITIALIZED_AUTOS = YES_AGGRESSIVE;
				GCC_WARN_UNUSED_FUNCTION = YES;
				GCC_WARN_UNUSED_VARIABLE = YES;
				IPHONEOS_DEPLOYMENT_TARGET = 7.1;
				SDKROOT = iphoneos;
				VALIDATE_PRODUCT = YES;
			};
			name = Release;
		};
		99B7AEC8192D50D500C1B49C /* Debug */ = {
			isa = XCBuildConfiguration;
			baseConfigurationReference = 576300475D25C95CF9230D19 /* Pods-testing swiping.debug.xcconfig */;
			buildSettings = {
				ASSETCATALOG_COMPILER_APPICON_NAME = AppIcon;
				ASSETCATALOG_COMPILER_LAUNCHIMAGE_NAME = LaunchImage;
				GCC_PRECOMPILE_PREFIX_HEADER = YES;
				GCC_PREFIX_HEADER = "testing swiping/testing swiping-Prefix.pch";
				INFOPLIST_FILE = "testing swiping/testing swiping-Info.plist";
				PRODUCT_NAME = "$(TARGET_NAME)";
				WRAPPER_EXTENSION = app;
			};
			name = Debug;
		};
		99B7AEC9192D50D500C1B49C /* Release */ = {
			isa = XCBuildConfiguration;
			baseConfigurationReference = 2C38CEB15FB9E561CDAF3425 /* Pods-testing swiping.release.xcconfig */;
			buildSettings = {
				ASSETCATALOG_COMPILER_APPICON_NAME = AppIcon;
				ASSETCATALOG_COMPILER_LAUNCHIMAGE_NAME = LaunchImage;
				GCC_PRECOMPILE_PREFIX_HEADER = YES;
				GCC_PREFIX_HEADER = "testing swiping/testing swiping-Prefix.pch";
				INFOPLIST_FILE = "testing swiping/testing swiping-Info.plist";
				PRODUCT_NAME = "$(TARGET_NAME)";
				WRAPPER_EXTENSION = app;
			};
			name = Release;
		};
		99B7AECB192D50D500C1B49C /* Debug */ = {
			isa = XCBuildConfiguration;
			buildSettings = {
				BUNDLE_LOADER = "$(BUILT_PRODUCTS_DIR)/testing swiping.app/testing swiping";
				FRAMEWORK_SEARCH_PATHS = (
					"$(SDKROOT)/Developer/Library/Frameworks",
					"$(inherited)",
					"$(DEVELOPER_FRAMEWORKS_DIR)",
				);
				GCC_PRECOMPILE_PREFIX_HEADER = YES;
				GCC_PREFIX_HEADER = "testing swiping/testing swiping-Prefix.pch";
				GCC_PREPROCESSOR_DEFINITIONS = (
					"DEBUG=1",
					"$(inherited)",
				);
				INFOPLIST_FILE = "testing swipingTests/testing swipingTests-Info.plist";
				PRODUCT_NAME = "$(TARGET_NAME)";
				TEST_HOST = "$(BUNDLE_LOADER)";
				WRAPPER_EXTENSION = xctest;
			};
			name = Debug;
		};
		99B7AECC192D50D500C1B49C /* Release */ = {
			isa = XCBuildConfiguration;
			buildSettings = {
				BUNDLE_LOADER = "$(BUILT_PRODUCTS_DIR)/testing swiping.app/testing swiping";
				FRAMEWORK_SEARCH_PATHS = (
					"$(SDKROOT)/Developer/Library/Frameworks",
					"$(inherited)",
					"$(DEVELOPER_FRAMEWORKS_DIR)",
				);
				GCC_PRECOMPILE_PREFIX_HEADER = YES;
				GCC_PREFIX_HEADER = "testing swiping/testing swiping-Prefix.pch";
				INFOPLIST_FILE = "testing swipingTests/testing swipingTests-Info.plist";
				PRODUCT_NAME = "$(TARGET_NAME)";
				TEST_HOST = "$(BUNDLE_LOADER)";
				WRAPPER_EXTENSION = xctest;
			};
			name = Release;
		};
/* End XCBuildConfiguration section */

/* Begin XCConfigurationList section */
		99B7AE90192D50D500C1B49C /* Build configuration list for PBXProject "testing swiping" */ = {
			isa = XCConfigurationList;
			buildConfigurations = (
				99B7AEC5192D50D500C1B49C /* Debug */,
				99B7AEC6192D50D500C1B49C /* Release */,
			);
			defaultConfigurationIsVisible = 0;
			defaultConfigurationName = Release;
		};
		99B7AEC7192D50D500C1B49C /* Build configuration list for PBXNativeTarget "testing swiping" */ = {
			isa = XCConfigurationList;
			buildConfigurations = (
				99B7AEC8192D50D500C1B49C /* Debug */,
				99B7AEC9192D50D500C1B49C /* Release */,
			);
			defaultConfigurationIsVisible = 0;
			defaultConfigurationName = Release;
		};
		99B7AECA192D50D500C1B49C /* Build configuration list for PBXNativeTarget "testing swipingTests" */ = {
			isa = XCConfigurationList;
			buildConfigurations = (
				99B7AECB192D50D500C1B49C /* Debug */,
				99B7AECC192D50D500C1B49C /* Release */,
			);
			defaultConfigurationIsVisible = 0;
			defaultConfigurationName = Release;
		};
/* End XCConfigurationList section */
	};
	rootObject = 99B7AE8D192D50D500C1B49C /* Project object */;
}
